{
  "nodes": {
    "nixpkgs": {
      "locked": {
        "lastModified": 1682385804,
        "narHash": "sha256-iK6k4jQ8jV3Lo79WkHQDugL/qTVqeynWXbdIcetZuMo=",
        "owner": "NixOS",
        "repo": "nixpkgs",
        "rev": "392218684aea34e48419ad57e690c6fd08aa3ea4",
        "type": "github"
      },
      "original": {
        "owner": "NixOS",
        "ref": "nixos-unstable-small",
        "repo": "nixpkgs",
        "type": "github"
      }
    },
    "root": {
      "inputs": {
        "nixpkgs": "nixpkgs"
      }
    }
  },
  "root": "root",
  "version": 7
}
