{
  "nodes": {
    "nixpkgs": {
      "locked": {
        "lastModified": 1681914506,
        "narHash": "sha256-frb95rhVUKAeRdHKfD2vbO1kv8U+G9JMAoLHLCRPNa4=",
        "owner": "NixOS",
        "repo": "nixpkgs",
        "rev": "cafa2f02fbbcade5c5c257c190061da555d90913",
        "type": "github"
      },
      "original": {
        "owner": "NixOS",
        "ref": "nixos-unstable-small",
        "repo": "nixpkgs",
        "type": "github"
      }
    },
    "root": {
      "inputs": {
        "nixpkgs": "nixpkgs"
      }
    }
  },
  "root": "root",
  "version": 7
}
