{
  "nodes": {
    "nixpkgs": {
      "locked": {
        "lastModified": 1679070947,
        "narHash": "sha256-0da0x/w+QmfrRwCtV2pf1MRM1Zhaic5lKnQ6xH9zV6A=",
        "owner": "NixOS",
        "repo": "nixpkgs",
        "rev": "518d5f094122e73f001204c57b37c9e4d27fd34f",
        "type": "github"
      },
      "original": {
        "owner": "NixOS",
        "ref": "nixos-unstable-small",
        "repo": "nixpkgs",
        "type": "github"
      }
    },
    "root": {
      "inputs": {
        "nixpkgs": "nixpkgs"
      }
    }
  },
  "root": "root",
  "version": 7
}
